
Microsoft Visual Studio Solution File, Format Version 12.00
# Visual Studio 15
VisualStudioVersion = 15.0.28107.0
MinimumVisualStudioVersion = 10.0.40219.1
Project("{FAE04EC0-301F-11D3-BF4B-00C04F79EFBC}") = "BlazorAzureSignalRService.Server", "BlazorAzureSignalRService.Server\BlazorAzureSignalRService.Server.csproj", "{862D810A-EAFA-4862-A9FD-E7C7A5921CCB}"
EndProject
Project("{FAE04EC0-301F-11D3-BF4B-00C04F79EFBC}") = "BlazorAzureSignalRService.App", "BlazorAzureSignalRService.App\BlazorAzureSignalRService.App.csproj", "{3C2B6E64-BE90-4F95-BA35-39426A7117EF}"
EndProject
Global
	GlobalSection(SolutionConfigurationPlatforms) = preSolution
		Debug|Any CPU = Debug|Any CPU
		Release|Any CPU = Release|Any CPU
	EndGlobalSection
	GlobalSection(ProjectConfigurationPlatforms) = postSolution
		{862D810A-EAFA-4862-A9FD-E7C7A5921CCB}.Debug|Any CPU.ActiveCfg = Debug|Any CPU
		{862D810A-EAFA-4862-A9FD-E7C7A5921CCB}.Debug|Any CPU.Build.0 = Debug|Any CPU
		{862D810A-EAFA-4862-A9FD-E7C7A5921CCB}.Release|Any CPU.ActiveCfg = Release|Any CPU
		{862D810A-EAFA-4862-A9FD-E7C7A5921CCB}.Release|Any CPU.Build.0 = Release|Any CPU
		{3C2B6E64-BE90-4F95-BA35-39426A7117EF}.Debug|Any CPU.ActiveCfg = Debug|Any CPU
		{3C2B6E64-BE90-4F95-BA35-39426A7117EF}.Debug|Any CPU.Build.0 = Debug|Any CPU
		{3C2B6E64-BE90-4F95-BA35-39426A7117EF}.Release|Any CPU.ActiveCfg = Release|Any CPU
		{3C2B6E64-BE90-4F95-BA35-39426A7117EF}.Release|Any CPU.Build.0 = Release|Any CPU
	EndGlobalSection
	GlobalSection(SolutionProperties) = preSolution
		HideSolutionNode = FALSE
	EndGlobalSection
	GlobalSection(ExtensibilityGlobals) = postSolution
		SolutionGuid = {87E488A2-97A2-4D4F-95EA-44E48625117C}
	EndGlobalSection
EndGlobal
